# This file is automatically @generated by Cargo.
# It is not intended for manual editing.
[[package]]
name = "built_in_functions"
version = "0.1.0"
dependencies = [
 "gray",
]

[[package]]
name = "gray"
version = "0.1.0"

[[package]]
name = "gray_cli"
version = "0.1.0"
dependencies = [
 "built_in_functions",
 "gray",
]
